{
  "name": "save-explore",
  "version": "1.0.0",
  "lockfileVersion": 3,
  "requires": true,
  "packages": {
    "": {
      "name": "save-explore",
      "version": "1.0.0",
      "license": "ISC",
      "dependencies": {
        "uesavetool": "^1.1.7"
      }
    },
    "node_modules/uesavetool": {
      "version": "1.1.7",
      "resolved": "https://registry.npmjs.org/uesavetool/-/uesavetool-1.1.7.tgz",
      "integrity": "sha512-6lOLuQA6AMXD+nn55+kYN8jbLQDnN3SLh5BGcJmO839tvb5TrmLA87lRH10p2q4Nu5R12+FExytEQy/SxDE6uA==",
      "license": "MIT"
    }
  }
}
